hash: a473ef98ea0b59dc67d7c346292f3f0430213b666272f27de004b06cabe6aff4
updated: 2016-11-21T09:00:13.926393993+09:00
imports:
- name: github.com/goulash/xdg
  version: 9b362657987891d4113a51726cbde44109d4ec01
- name: github.com/jessevdk/go-flags
  version: 8bc97d602c3bfeb5fc6fc9b5a9c898f245495637
- name: github.com/mattn/go-isatty
  version: 3a115632dcd687f9c8cd01679c83a06a0e21c1f3
- name: github.com/pkg/errors
  version: 645ef00459ed84a119197bfb8d8205042c6df63d
- name: golang.org/x/sys
  version: b699b7032584f0953262cb2788a0ca19bb494703
  subpackages:
  - unix
testImports: []
